
Microsoft Visual Studio Solution File, Format Version 12.00
# Visual Studio Version 16
VisualStudioVersion = 16.0.29806.167
MinimumVisualStudioVersion = 10.0.40219.1
Project("{9A19103F-16F7-4668-BE54-9A1E7A4F7556}") = "SampleConsumer", "src\SampleConsumer\SampleConsumer.csproj", "{813ABD33-49E6-4C6E-9F91-A473417C5EA9}"
EndProject
Project("{9A19103F-16F7-4668-BE54-9A1E7A4F7556}") = "CustomLogProviders", "src\CustomLogProviders\CustomLogProviders.csproj", "{C1DB1025-1308-432B-8A7E-7C93CA8A97D2}"
EndProject
Global
	GlobalSection(SolutionConfigurationPlatforms) = preSolution
		Debug|Any CPU = Debug|Any CPU
		Release|Any CPU = Release|Any CPU
	EndGlobalSection
	GlobalSection(ProjectConfigurationPlatforms) = postSolution
		{813ABD33-49E6-4C6E-9F91-A473417C5EA9}.Debug|Any CPU.ActiveCfg = Debug|Any CPU
		{813ABD33-49E6-4C6E-9F91-A473417C5EA9}.Debug|Any CPU.Build.0 = Debug|Any CPU
		{813ABD33-49E6-4C6E-9F91-A473417C5EA9}.Release|Any CPU.ActiveCfg = Release|Any CPU
		{813ABD33-49E6-4C6E-9F91-A473417C5EA9}.Release|Any CPU.Build.0 = Release|Any CPU
		{C1DB1025-1308-432B-8A7E-7C93CA8A97D2}.Debug|Any CPU.ActiveCfg = Debug|Any CPU
		{C1DB1025-1308-432B-8A7E-7C93CA8A97D2}.Debug|Any CPU.Build.0 = Debug|Any CPU
		{C1DB1025-1308-432B-8A7E-7C93CA8A97D2}.Release|Any CPU.ActiveCfg = Release|Any CPU
		{C1DB1025-1308-432B-8A7E-7C93CA8A97D2}.Release|Any CPU.Build.0 = Release|Any CPU
	EndGlobalSection
	GlobalSection(SolutionProperties) = preSolution
		HideSolutionNode = FALSE
	EndGlobalSection
	GlobalSection(ExtensibilityGlobals) = postSolution
		SolutionGuid = {7C785C9D-A0B2-4101-88B7-02D5F17DAE78}
	EndGlobalSection
EndGlobal
